
Microsoft Visual Studio Solution File, Format Version 12.00
# Visual Studio Version 17
VisualStudioVersion = 17.5.002.0
MinimumVisualStudioVersion = 10.0.40219.1
Project("{9A19103F-16F7-4668-BE54-9A1E7A4F7556}") = "IoT.Protocol", "IoT.Protocol\IoT.Protocol.csproj", "{93D0B566-CD05-475B-AD94-F44D1E593467}"
EndProject
Project("{9A19103F-16F7-4668-BE54-9A1E7A4F7556}") = "IoT.Protocol.Yeelight", "IoT.Protocol.Yeelight\IoT.Protocol.Yeelight.csproj", "{2BAC376B-283A-414E-A925-7C9C58A97129}"
EndProject
Project("{9A19103F-16F7-4668-BE54-9A1E7A4F7556}") = "IoT.Protocol.Lumi", "IoT.Protocol.Lumi\IoT.Protocol.Lumi.csproj", "{D460370B-D2D9-4B9F-A60F-B389113B8EDD}"
EndProject
Project("{9A19103F-16F7-4668-BE54-9A1E7A4F7556}") = "IoT.Protocol.Soap", "IoT.Protocol.Soap\IoT.Protocol.Soap.csproj", "{249F0949-9BE7-48E3-8F7D-71F668146A2F}"
EndProject
Project("{9A19103F-16F7-4668-BE54-9A1E7A4F7556}") = "IoT.Protocol.Upnp", "IoT.Protocol.Upnp\IoT.Protocol.Upnp.csproj", "{4C86257C-4518-47E1-B6CA-DF05968BF18D}"
EndProject
Project("{2150E333-8FDC-42A3-9474-1A3956D46DE8}") = "OOs.Common", "OOs.Common", "{D30F5634-AF9B-44DB-9D9A-FF1F2EF7E706}"
EndProject
Project("{FAE04EC0-301F-11D3-BF4B-00C04F79EFBC}") = "OOs.Common", "OOs.Common\OOs.Common\OOs.Common.csproj", "{7BFBD3F0-F9BB-4FE2-AE0F-B57EAD733825}"
EndProject
Project("{FAE04EC0-301F-11D3-BF4B-00C04F79EFBC}") = "OOs.Common.Net", "OOs.Common\OOs.Common.Net\OOs.Common.Net.csproj", "{E368345F-72CB-46DE-8A24-B8D41986ECFB}"
EndProject
Global
	GlobalSection(SolutionConfigurationPlatforms) = preSolution
		Debug|Any CPU = Debug|Any CPU
		Release|Any CPU = Release|Any CPU
	EndGlobalSection
	GlobalSection(ProjectConfigurationPlatforms) = postSolution
		{93D0B566-CD05-475B-AD94-F44D1E593467}.Debug|Any CPU.ActiveCfg = Debug|Any CPU
		{93D0B566-CD05-475B-AD94-F44D1E593467}.Debug|Any CPU.Build.0 = Debug|Any CPU
		{93D0B566-CD05-475B-AD94-F44D1E593467}.Release|Any CPU.ActiveCfg = Release|Any CPU
		{93D0B566-CD05-475B-AD94-F44D1E593467}.Release|Any CPU.Build.0 = Release|Any CPU
		{2BAC376B-283A-414E-A925-7C9C58A97129}.Debug|Any CPU.ActiveCfg = Debug|Any CPU
		{2BAC376B-283A-414E-A925-7C9C58A97129}.Debug|Any CPU.Build.0 = Debug|Any CPU
		{2BAC376B-283A-414E-A925-7C9C58A97129}.Release|Any CPU.ActiveCfg = Release|Any CPU
		{2BAC376B-283A-414E-A925-7C9C58A97129}.Release|Any CPU.Build.0 = Release|Any CPU
		{D460370B-D2D9-4B9F-A60F-B389113B8EDD}.Debug|Any CPU.ActiveCfg = Debug|Any CPU
		{D460370B-D2D9-4B9F-A60F-B389113B8EDD}.Debug|Any CPU.Build.0 = Debug|Any CPU
		{D460370B-D2D9-4B9F-A60F-B389113B8EDD}.Release|Any CPU.ActiveCfg = Release|Any CPU
		{D460370B-D2D9-4B9F-A60F-B389113B8EDD}.Release|Any CPU.Build.0 = Release|Any CPU
		{249F0949-9BE7-48E3-8F7D-71F668146A2F}.Debug|Any CPU.ActiveCfg = Debug|Any CPU
		{249F0949-9BE7-48E3-8F7D-71F668146A2F}.Debug|Any CPU.Build.0 = Debug|Any CPU
		{249F0949-9BE7-48E3-8F7D-71F668146A2F}.Release|Any CPU.ActiveCfg = Release|Any CPU
		{249F0949-9BE7-48E3-8F7D-71F668146A2F}.Release|Any CPU.Build.0 = Release|Any CPU
		{4C86257C-4518-47E1-B6CA-DF05968BF18D}.Debug|Any CPU.ActiveCfg = Debug|Any CPU
		{4C86257C-4518-47E1-B6CA-DF05968BF18D}.Debug|Any CPU.Build.0 = Debug|Any CPU
		{4C86257C-4518-47E1-B6CA-DF05968BF18D}.Release|Any CPU.ActiveCfg = Release|Any CPU
		{4C86257C-4518-47E1-B6CA-DF05968BF18D}.Release|Any CPU.Build.0 = Release|Any CPU
		{7BFBD3F0-F9BB-4FE2-AE0F-B57EAD733825}.Debug|Any CPU.ActiveCfg = Debug|Any CPU
		{7BFBD3F0-F9BB-4FE2-AE0F-B57EAD733825}.Debug|Any CPU.Build.0 = Debug|Any CPU
		{7BFBD3F0-F9BB-4FE2-AE0F-B57EAD733825}.Release|Any CPU.ActiveCfg = Release|Any CPU
		{7BFBD3F0-F9BB-4FE2-AE0F-B57EAD733825}.Release|Any CPU.Build.0 = Release|Any CPU
		{E368345F-72CB-46DE-8A24-B8D41986ECFB}.Debug|Any CPU.ActiveCfg = Debug|Any CPU
		{E368345F-72CB-46DE-8A24-B8D41986ECFB}.Debug|Any CPU.Build.0 = Debug|Any CPU
		{E368345F-72CB-46DE-8A24-B8D41986ECFB}.Release|Any CPU.ActiveCfg = Release|Any CPU
		{E368345F-72CB-46DE-8A24-B8D41986ECFB}.Release|Any CPU.Build.0 = Release|Any CPU
	EndGlobalSection
	GlobalSection(SolutionProperties) = preSolution
		HideSolutionNode = FALSE
	EndGlobalSection
	GlobalSection(NestedProjects) = preSolution
		{7BFBD3F0-F9BB-4FE2-AE0F-B57EAD733825} = {D30F5634-AF9B-44DB-9D9A-FF1F2EF7E706}
		{E368345F-72CB-46DE-8A24-B8D41986ECFB} = {D30F5634-AF9B-44DB-9D9A-FF1F2EF7E706}
	EndGlobalSection
	GlobalSection(ExtensibilityGlobals) = postSolution
		SolutionGuid = {3A62A1D5-3249-4442-A20F-3DECF682F5FE}
	EndGlobalSection
EndGlobal
