
Microsoft Visual Studio Solution File, Format Version 12.00
# Visual Studio 15
VisualStudioVersion = 15.0.26124.0
MinimumVisualStudioVersion = 15.0.26124.0
Project("{FAE04EC0-301F-11D3-BF4B-00C04F79EFBC}") = "IoT.Protocol", "IoT.Protocol\IoT.Protocol.csproj", "{71E51080-B3A0-4BFC-829C-DE1EA7C4FA7B}"
EndProject
Project("{FAE04EC0-301F-11D3-BF4B-00C04F79EFBC}") = "IoT.Protocol.Udp", "IoT.Protocol.Udp\IoT.Protocol.Udp.csproj", "{36BFA614-98C6-4743-8EC6-B7FBE7B3B553}"
EndProject
Project("{FAE04EC0-301F-11D3-BF4B-00C04F79EFBC}") = "IoT.Protocol.Upnp", "IoT.Protocol.Upnp\IoT.Protocol.Upnp.csproj", "{81D38416-4671-4A69-A4E3-C2CA538C4A53}"
EndProject
Project("{FAE04EC0-301F-11D3-BF4B-00C04F79EFBC}") = "IoT.Protocol.Soap", "IoT.Protocol.Soap\IoT.Protocol.Soap.csproj", "{25A748AF-F8FD-4C6E-98FB-F55BB87C93F2}"
EndProject
Project("{FAE04EC0-301F-11D3-BF4B-00C04F79EFBC}") = "IoT.Protocol.Yeelight", "IoT.Protocol.Yeelight\IoT.Protocol.Yeelight.csproj", "{57229E36-B94F-4D43-816F-A9AB5FE5112B}"
EndProject
Project("{FAE04EC0-301F-11D3-BF4B-00C04F79EFBC}") = "IoT.Protocol.Lumi", "IoT.Protocol.Lumi\IoT.Protocol.Lumi.csproj", "{17AEBF90-BCE4-422F-B5A4-FED0DFEE887D}"
EndProject
Global
	GlobalSection(SolutionConfigurationPlatforms) = preSolution
		Debug|Any CPU = Debug|Any CPU
		Debug|x64 = Debug|x64
		Debug|x86 = Debug|x86
		Release|Any CPU = Release|Any CPU
		Release|x64 = Release|x64
		Release|x86 = Release|x86
	EndGlobalSection
	GlobalSection(ProjectConfigurationPlatforms) = postSolution
		{71E51080-B3A0-4BFC-829C-DE1EA7C4FA7B}.Debug|Any CPU.ActiveCfg = Debug|Any CPU
		{71E51080-B3A0-4BFC-829C-DE1EA7C4FA7B}.Debug|Any CPU.Build.0 = Debug|Any CPU
		{71E51080-B3A0-4BFC-829C-DE1EA7C4FA7B}.Debug|x64.ActiveCfg = Debug|Any CPU
		{71E51080-B3A0-4BFC-829C-DE1EA7C4FA7B}.Debug|x64.Build.0 = Debug|Any CPU
		{71E51080-B3A0-4BFC-829C-DE1EA7C4FA7B}.Debug|x86.ActiveCfg = Debug|Any CPU
		{71E51080-B3A0-4BFC-829C-DE1EA7C4FA7B}.Debug|x86.Build.0 = Debug|Any CPU
		{71E51080-B3A0-4BFC-829C-DE1EA7C4FA7B}.Release|Any CPU.ActiveCfg = Release|Any CPU
		{71E51080-B3A0-4BFC-829C-DE1EA7C4FA7B}.Release|Any CPU.Build.0 = Release|Any CPU
		{71E51080-B3A0-4BFC-829C-DE1EA7C4FA7B}.Release|x64.ActiveCfg = Release|Any CPU
		{71E51080-B3A0-4BFC-829C-DE1EA7C4FA7B}.Release|x64.Build.0 = Release|Any CPU
		{71E51080-B3A0-4BFC-829C-DE1EA7C4FA7B}.Release|x86.ActiveCfg = Release|Any CPU
		{71E51080-B3A0-4BFC-829C-DE1EA7C4FA7B}.Release|x86.Build.0 = Release|Any CPU
		{36BFA614-98C6-4743-8EC6-B7FBE7B3B553}.Debug|Any CPU.ActiveCfg = Debug|Any CPU
		{36BFA614-98C6-4743-8EC6-B7FBE7B3B553}.Debug|Any CPU.Build.0 = Debug|Any CPU
		{36BFA614-98C6-4743-8EC6-B7FBE7B3B553}.Debug|x64.ActiveCfg = Debug|Any CPU
		{36BFA614-98C6-4743-8EC6-B7FBE7B3B553}.Debug|x64.Build.0 = Debug|Any CPU
		{36BFA614-98C6-4743-8EC6-B7FBE7B3B553}.Debug|x86.ActiveCfg = Debug|Any CPU
		{36BFA614-98C6-4743-8EC6-B7FBE7B3B553}.Debug|x86.Build.0 = Debug|Any CPU
		{36BFA614-98C6-4743-8EC6-B7FBE7B3B553}.Release|Any CPU.ActiveCfg = Release|Any CPU
		{36BFA614-98C6-4743-8EC6-B7FBE7B3B553}.Release|Any CPU.Build.0 = Release|Any CPU
		{36BFA614-98C6-4743-8EC6-B7FBE7B3B553}.Release|x64.ActiveCfg = Release|Any CPU
		{36BFA614-98C6-4743-8EC6-B7FBE7B3B553}.Release|x64.Build.0 = Release|Any CPU
		{36BFA614-98C6-4743-8EC6-B7FBE7B3B553}.Release|x86.ActiveCfg = Release|Any CPU
		{36BFA614-98C6-4743-8EC6-B7FBE7B3B553}.Release|x86.Build.0 = Release|Any CPU
		{81D38416-4671-4A69-A4E3-C2CA538C4A53}.Debug|Any CPU.ActiveCfg = Debug|Any CPU
		{81D38416-4671-4A69-A4E3-C2CA538C4A53}.Debug|Any CPU.Build.0 = Debug|Any CPU
		{81D38416-4671-4A69-A4E3-C2CA538C4A53}.Debug|x64.ActiveCfg = Debug|Any CPU
		{81D38416-4671-4A69-A4E3-C2CA538C4A53}.Debug|x64.Build.0 = Debug|Any CPU
		{81D38416-4671-4A69-A4E3-C2CA538C4A53}.Debug|x86.ActiveCfg = Debug|Any CPU
		{81D38416-4671-4A69-A4E3-C2CA538C4A53}.Debug|x86.Build.0 = Debug|Any CPU
		{81D38416-4671-4A69-A4E3-C2CA538C4A53}.Release|Any CPU.ActiveCfg = Release|Any CPU
		{81D38416-4671-4A69-A4E3-C2CA538C4A53}.Release|Any CPU.Build.0 = Release|Any CPU
		{81D38416-4671-4A69-A4E3-C2CA538C4A53}.Release|x64.ActiveCfg = Release|Any CPU
		{81D38416-4671-4A69-A4E3-C2CA538C4A53}.Release|x64.Build.0 = Release|Any CPU
		{81D38416-4671-4A69-A4E3-C2CA538C4A53}.Release|x86.ActiveCfg = Release|Any CPU
		{81D38416-4671-4A69-A4E3-C2CA538C4A53}.Release|x86.Build.0 = Release|Any CPU
		{25A748AF-F8FD-4C6E-98FB-F55BB87C93F2}.Debug|Any CPU.ActiveCfg = Debug|Any CPU
		{25A748AF-F8FD-4C6E-98FB-F55BB87C93F2}.Debug|Any CPU.Build.0 = Debug|Any CPU
		{25A748AF-F8FD-4C6E-98FB-F55BB87C93F2}.Debug|x64.ActiveCfg = Debug|Any CPU
		{25A748AF-F8FD-4C6E-98FB-F55BB87C93F2}.Debug|x64.Build.0 = Debug|Any CPU
		{25A748AF-F8FD-4C6E-98FB-F55BB87C93F2}.Debug|x86.ActiveCfg = Debug|Any CPU
		{25A748AF-F8FD-4C6E-98FB-F55BB87C93F2}.Debug|x86.Build.0 = Debug|Any CPU
		{25A748AF-F8FD-4C6E-98FB-F55BB87C93F2}.Release|Any CPU.ActiveCfg = Release|Any CPU
		{25A748AF-F8FD-4C6E-98FB-F55BB87C93F2}.Release|Any CPU.Build.0 = Release|Any CPU
		{25A748AF-F8FD-4C6E-98FB-F55BB87C93F2}.Release|x64.ActiveCfg = Release|Any CPU
		{25A748AF-F8FD-4C6E-98FB-F55BB87C93F2}.Release|x64.Build.0 = Release|Any CPU
		{25A748AF-F8FD-4C6E-98FB-F55BB87C93F2}.Release|x86.ActiveCfg = Release|Any CPU
		{25A748AF-F8FD-4C6E-98FB-F55BB87C93F2}.Release|x86.Build.0 = Release|Any CPU
		{57229E36-B94F-4D43-816F-A9AB5FE5112B}.Debug|Any CPU.ActiveCfg = Debug|Any CPU
		{57229E36-B94F-4D43-816F-A9AB5FE5112B}.Debug|Any CPU.Build.0 = Debug|Any CPU
		{57229E36-B94F-4D43-816F-A9AB5FE5112B}.Debug|x64.ActiveCfg = Debug|Any CPU
		{57229E36-B94F-4D43-816F-A9AB5FE5112B}.Debug|x64.Build.0 = Debug|Any CPU
		{57229E36-B94F-4D43-816F-A9AB5FE5112B}.Debug|x86.ActiveCfg = Debug|Any CPU
		{57229E36-B94F-4D43-816F-A9AB5FE5112B}.Debug|x86.Build.0 = Debug|Any CPU
		{57229E36-B94F-4D43-816F-A9AB5FE5112B}.Release|Any CPU.ActiveCfg = Release|Any CPU
		{57229E36-B94F-4D43-816F-A9AB5FE5112B}.Release|Any CPU.Build.0 = Release|Any CPU
		{57229E36-B94F-4D43-816F-A9AB5FE5112B}.Release|x64.ActiveCfg = Release|Any CPU
		{57229E36-B94F-4D43-816F-A9AB5FE5112B}.Release|x64.Build.0 = Release|Any CPU
		{57229E36-B94F-4D43-816F-A9AB5FE5112B}.Release|x86.ActiveCfg = Release|Any CPU
		{57229E36-B94F-4D43-816F-A9AB5FE5112B}.Release|x86.Build.0 = Release|Any CPU
		{17AEBF90-BCE4-422F-B5A4-FED0DFEE887D}.Debug|Any CPU.ActiveCfg = Debug|Any CPU
		{17AEBF90-BCE4-422F-B5A4-FED0DFEE887D}.Debug|Any CPU.Build.0 = Debug|Any CPU
		{17AEBF90-BCE4-422F-B5A4-FED0DFEE887D}.Debug|x64.ActiveCfg = Debug|Any CPU
		{17AEBF90-BCE4-422F-B5A4-FED0DFEE887D}.Debug|x64.Build.0 = Debug|Any CPU
		{17AEBF90-BCE4-422F-B5A4-FED0DFEE887D}.Debug|x86.ActiveCfg = Debug|Any CPU
		{17AEBF90-BCE4-422F-B5A4-FED0DFEE887D}.Debug|x86.Build.0 = Debug|Any CPU
		{17AEBF90-BCE4-422F-B5A4-FED0DFEE887D}.Release|Any CPU.ActiveCfg = Release|Any CPU
		{17AEBF90-BCE4-422F-B5A4-FED0DFEE887D}.Release|Any CPU.Build.0 = Release|Any CPU
		{17AEBF90-BCE4-422F-B5A4-FED0DFEE887D}.Release|x64.ActiveCfg = Release|Any CPU
		{17AEBF90-BCE4-422F-B5A4-FED0DFEE887D}.Release|x64.Build.0 = Release|Any CPU
		{17AEBF90-BCE4-422F-B5A4-FED0DFEE887D}.Release|x86.ActiveCfg = Release|Any CPU
		{17AEBF90-BCE4-422F-B5A4-FED0DFEE887D}.Release|x86.Build.0 = Release|Any CPU
	EndGlobalSection
	GlobalSection(SolutionProperties) = preSolution
		HideSolutionNode = FALSE
	EndGlobalSection
EndGlobal
